{
  "version": 4,
  "terraform_version": "1.13.3",
  "serial": 309,
  "lineage": "f55e950b-6502-69c9-4e62-8295be5edaa6",
  "outputs": {
    "artifact_registry_repository_url": {
      "value": "super-over-alchemy",
      "type": "string"
    },
    "processed_outputs_bucket_name": {
      "value": "alchemy-super-over-outputs",
      "type": "string"
    },
    "pubsub_topics": {
      "value": {
        "audio_extractor_jobs": "audio-extractor-jobs",
        "media_inspector_jobs": "media-inspector-jobs",
        "scene_analyzer_jobs": "scene-analyzer-jobs",
        "video_processor_jobs": "video-processor-jobs"
      },
      "type": [
        "object",
        {
          "audio_extractor_jobs": "string",
          "media_inspector_jobs": "string",
          "scene_analyzer_jobs": "string",
          "video_processor_jobs": "string"
        }
      ]
    },
    "raw_videos_bucket_name": {
      "value": "alchemy-super-over-inputs",
      "type": "string"
    },
    "service_account_emails": {
      "value": {
        "pubsub_invoker": "pubsub-invoker@search-and-reco.iam.gserviceaccount.com",
        "services": "super-over-services@search-and-reco.iam.gserviceaccount.com"
      },
      "type": [
        "object",
        {
          "pubsub_invoker": "string",
          "services": "string"
        }
      ]
    },
    "service_urls": {
      "value": {
        "audio_extractor": "https://audio-extractor-service-p2irpfu5ya-el.a.run.app",
        "media_inspector": "https://media-inspector-service-p2irpfu5ya-el.a.run.app",
        "scene_analyzer": "https://scene-analyzer-service-p2irpfu5ya-el.a.run.app",
        "video_processor": "https://video-processor-service-p2irpfu5ya-el.a.run.app"
      },
      "type": [
        "object",
        {
          "audio_extractor": "string",
          "media_inspector": "string",
          "scene_analyzer": "string",
          "video_processor": "string"
        }
      ]
    }
  },
  "resources": [
    {
      "mode": "data",
      "type": "google_project",
      "name": "project",
      "provider": "provider[\"registry.terraform.io/hashicorp/google\"]",
      "instances": [
        {
          "schema_version": 0,
          "attributes": {
            "auto_create_network": null,
            "billing_account": "017FE2-CB7E32-84A4FF",
            "deletion_policy": "DELETE",
            "effective_labels": {
              "generative-language": "enabled"
            },
            "folder_id": "",
            "id": "projects/search-and-reco",
            "labels": {
              "generative-language": "enabled"
            },
            "name": "Search and Reco",
            "number": "704354652621",
            "org_id": "287683132077",
            "project_id": "search-and-reco",
            "skip_delete": null,
            "terraform_labels": {
              "generative-language": "enabled"
            }
          },
          "sensitive_attributes": [],
          "identity_schema_version": 0
        }
      ]
    },
    {
      "mode": "managed",
      "type": "google_artifact_registry_repository",
      "name": "repository",
      "provider": "provider[\"registry.terraform.io/hashicorp/google\"]",
      "instances": [
        {
          "schema_version": 0,
          "attributes": {
            "cleanup_policies": [],
            "cleanup_policy_dry_run": false,
            "create_time": "2025-09-24T11:03:11.795905Z",
            "description": "Super Over Alchemy container images",
            "docker_config": [],
            "effective_labels": {},
            "format": "DOCKER",
            "id": "projects/search-and-reco/locations/asia-south1/repositories/super-over-alchemy",
            "kms_key_name": "",
            "labels": {},
            "location": "asia-south1",
            "maven_config": [],
            "mode": "STANDARD_REPOSITORY",
            "name": "super-over-alchemy",
            "project": "search-and-reco",
            "remote_repository_config": [],
            "repository_id": "super-over-alchemy",
            "terraform_labels": {},
            "timeouts": null,
            "update_time": "2025-09-25T06:18:34.187239Z",
            "virtual_repository_config": []
          },
          "sensitive_attributes": [],
          "identity_schema_version": 0,
          "private": "eyJlMmJmYjczMC1lY2FhLTExZTYtOGY4OC0zNDM2M2JjN2M0YzAiOnsiY3JlYXRlIjoxMjAwMDAwMDAwMDAwLCJkZWxldGUiOjEyMDAwMDAwMDAwMDAsInVwZGF0ZSI6MTIwMDAwMDAwMDAwMH19",
          "dependencies": [
            "google_project_service.required_apis"
          ]
        }
      ]
    },
    {
      "mode": "managed",
      "type": "google_firestore_database",
      "name": "database",
      "provider": "provider[\"registry.terraform.io/hashicorp/google\"]",
      "instances": [
        {
          "schema_version": 0,
          "attributes": {
            "app_engine_integration_mode": "DISABLED",
            "cmek_config": [],
            "concurrency_mode": "PESSIMISTIC",
            "create_time": "",
            "delete_protection_state": "DELETE_PROTECTION_DISABLED",
            "deletion_policy": "ABANDON",
            "earliest_version_time": "2025-09-25T04:09:26.127798Z",
            "etag": "IOi8uOKS848DMIv3qICg8Y8D",
            "id": "projects/search-and-reco/databases/(default)",
            "key_prefix": "",
            "location_id": "asia-south1",
            "name": "(default)",
            "point_in_time_recovery_enablement": "POINT_IN_TIME_RECOVERY_DISABLED",
            "project": "search-and-reco",
            "timeouts": null,
            "type": "FIRESTORE_NATIVE",
            "uid": "7c733369-6b20-485a-8084-627da4de11c6",
            "update_time": "",
            "version_retention_period": "3600s"
          },
          "sensitive_attributes": [],
          "identity_schema_version": 0,
          "private": "eyJlMmJmYjczMC1lY2FhLTExZTYtOGY4OC0zNDM2M2JjN2M0YzAiOnsiY3JlYXRlIjoxMjAwMDAwMDAwMDAwLCJkZWxldGUiOjEyMDAwMDAwMDAwMDAsInVwZGF0ZSI6MTIwMDAwMDAwMDAwMH19",
          "dependencies": [
            "google_project_service.required_apis"
          ]
        }
      ]
    },
    {
      "mode": "managed",
      "type": "google_project_iam_member",
      "name": "cloudbuild_artifact_writer",
      "provider": "provider[\"registry.terraform.io/hashicorp/google\"]",
      "instances": [
        {
          "schema_version": 0,
          "attributes": {
            "condition": [],
            "etag": "BwY/ij4ZwvA=",
            "id": "search-and-reco/roles/artifactregistry.writer/serviceAccount:704354652621@cloudbuild.gserviceaccount.com",
            "member": "serviceAccount:704354652621@cloudbuild.gserviceaccount.com",
            "project": "search-and-reco",
            "role": "roles/artifactregistry.writer"
          },
          "sensitive_attributes": [],
          "identity_schema_version": 0,
          "private": "bnVsbA==",
          "dependencies": [
            "data.google_project.project"
          ]
        }
      ]
    },
    {
      "mode": "managed",
      "type": "google_project_iam_member",
      "name": "cloudbuild_logs_writer",
      "provider": "provider[\"registry.terraform.io/hashicorp/google\"]",
      "instances": [
        {
          "schema_version": 0,
          "attributes": {
            "condition": [],
            "etag": "BwY/ij4ZwvA=",
            "id": "search-and-reco/roles/logging.logWriter/serviceAccount:704354652621@cloudbuild.gserviceaccount.com",
            "member": "serviceAccount:704354652621@cloudbuild.gserviceaccount.com",
            "project": "search-and-reco",
            "role": "roles/logging.logWriter"
          },
          "sensitive_attributes": [],
          "identity_schema_version": 0,
          "private": "bnVsbA==",
          "dependencies": [
            "data.google_project.project"
          ]
        }
      ]
    },
    {
      "mode": "managed",
      "type": "google_project_iam_member",
      "name": "cloudbuild_storage_admin",
      "provider": "provider[\"registry.terraform.io/hashicorp/google\"]",
      "instances": [
        {
          "schema_version": 0,
          "attributes": {
            "condition": [],
            "etag": "BwY/ij4ZwvA=",
            "id": "search-and-reco/roles/storage.admin/serviceAccount:704354652621@cloudbuild.gserviceaccount.com",
            "member": "serviceAccount:704354652621@cloudbuild.gserviceaccount.com",
            "project": "search-and-reco",
            "role": "roles/storage.admin"
          },
          "sensitive_attributes": [],
          "identity_schema_version": 0,
          "private": "bnVsbA==",
          "dependencies": [
            "data.google_project.project"
          ]
        }
      ]
    },
    {
      "mode": "managed",
      "type": "google_project_iam_member",
      "name": "compute_sa_artifact_writer",
      "provider": "provider[\"registry.terraform.io/hashicorp/google\"]",
      "instances": [
        {
          "schema_version": 0,
          "attributes": {
            "condition": [],
            "etag": "BwY/ij4ZwvA=",
            "id": "search-and-reco/roles/artifactregistry.writer/serviceAccount:704354652621-compute@developer.gserviceaccount.com",
            "member": "serviceAccount:704354652621-compute@developer.gserviceaccount.com",
            "project": "search-and-reco",
            "role": "roles/artifactregistry.writer"
          },
          "sensitive_attributes": [],
          "identity_schema_version": 0,
          "private": "bnVsbA==",
          "dependencies": [
            "data.google_project.project"
          ]
        }
      ]
    },
    {
      "mode": "managed",
      "type": "google_project_iam_member",
      "name": "compute_sa_cloudbuild_editor",
      "provider": "provider[\"registry.terraform.io/hashicorp/google\"]",
      "instances": [
        {
          "schema_version": 0,
          "attributes": {
            "condition": [],
            "etag": "BwY/ij4ZwvA=",
            "id": "search-and-reco/roles/cloudbuild.builds.editor/serviceAccount:704354652621-compute@developer.gserviceaccount.com",
            "member": "serviceAccount:704354652621-compute@developer.gserviceaccount.com",
            "project": "search-and-reco",
            "role": "roles/cloudbuild.builds.editor"
          },
          "sensitive_attributes": [],
          "identity_schema_version": 0,
          "private": "bnVsbA==",
          "dependencies": [
            "data.google_project.project"
          ]
        }
      ]
    },
    {
      "mode": "managed",
      "type": "google_project_iam_member",
      "name": "compute_sa_logs_writer",
      "provider": "provider[\"registry.terraform.io/hashicorp/google\"]",
      "instances": [
        {
          "schema_version": 0,
          "attributes": {
            "condition": [],
            "etag": "BwY/ij4ZwvA=",
            "id": "search-and-reco/roles/logging.logWriter/serviceAccount:704354652621-compute@developer.gserviceaccount.com",
            "member": "serviceAccount:704354652621-compute@developer.gserviceaccount.com",
            "project": "search-and-reco",
            "role": "roles/logging.logWriter"
          },
          "sensitive_attributes": [],
          "identity_schema_version": 0,
          "private": "bnVsbA==",
          "dependencies": [
            "data.google_project.project"
          ]
        }
      ]
    },
    {
      "mode": "managed",
      "type": "google_project_iam_member",
      "name": "compute_sa_storage_admin",
      "provider": "provider[\"registry.terraform.io/hashicorp/google\"]",
      "instances": [
        {
          "schema_version": 0,
          "attributes": {
            "condition": [],
            "etag": "BwY/ij4ZwvA=",
            "id": "search-and-reco/roles/storage.admin/serviceAccount:704354652621-compute@developer.gserviceaccount.com",
            "member": "serviceAccount:704354652621-compute@developer.gserviceaccount.com",
            "project": "search-and-reco",
            "role": "roles/storage.admin"
          },
          "sensitive_attributes": [],
          "identity_schema_version": 0,
          "private": "bnVsbA==",
          "dependencies": [
            "data.google_project.project"
          ]
        }
      ]
    },
    {
      "mode": "managed",
      "type": "google_project_service",
      "name": "required_apis",
      "provider": "provider[\"registry.terraform.io/hashicorp/google\"]",
      "instances": [
        {
          "index_key": "artifactregistry.googleapis.com",
          "schema_version": 0,
          "attributes": {
            "disable_dependent_services": true,
            "disable_on_destroy": true,
            "id": "search-and-reco/artifactregistry.googleapis.com",
            "project": "search-and-reco",
            "service": "artifactregistry.googleapis.com",
            "timeouts": null
          },
          "sensitive_attributes": [],
          "identity_schema_version": 0,
          "private": "eyJlMmJmYjczMC1lY2FhLTExZTYtOGY4OC0zNDM2M2JjN2M0YzAiOnsiY3JlYXRlIjoxMjAwMDAwMDAwMDAwLCJkZWxldGUiOjEyMDAwMDAwMDAwMDAsInJlYWQiOjYwMDAwMDAwMDAwMCwidXBkYXRlIjoxMjAwMDAwMDAwMDAwfX0="
        },
        {
          "index_key": "cloudbuild.googleapis.com",
          "schema_version": 0,
          "attributes": {
            "disable_dependent_services": true,
            "disable_on_destroy": true,
            "id": "search-and-reco/cloudbuild.googleapis.com",
            "project": "search-and-reco",
            "service": "cloudbuild.googleapis.com",
            "timeouts": null
          },
          "sensitive_attributes": [],
          "identity_schema_version": 0,
          "private": "eyJlMmJmYjczMC1lY2FhLTExZTYtOGY4OC0zNDM2M2JjN2M0YzAiOnsiY3JlYXRlIjoxMjAwMDAwMDAwMDAwLCJkZWxldGUiOjEyMDAwMDAwMDAwMDAsInJlYWQiOjYwMDAwMDAwMDAwMCwidXBkYXRlIjoxMjAwMDAwMDAwMDAwfX0="
        },
        {
          "index_key": "cloudfunctions.googleapis.com",
          "schema_version": 0,
          "attributes": {
            "disable_dependent_services": true,
            "disable_on_destroy": true,
            "id": "search-and-reco/cloudfunctions.googleapis.com",
            "project": "search-and-reco",
            "service": "cloudfunctions.googleapis.com",
            "timeouts": null
          },
          "sensitive_attributes": [],
          "identity_schema_version": 0,
          "private": "eyJlMmJmYjczMC1lY2FhLTExZTYtOGY4OC0zNDM2M2JjN2M0YzAiOnsiY3JlYXRlIjoxMjAwMDAwMDAwMDAwLCJkZWxldGUiOjEyMDAwMDAwMDAwMDAsInJlYWQiOjYwMDAwMDAwMDAwMCwidXBkYXRlIjoxMjAwMDAwMDAwMDAwfX0="
        },
        {
          "index_key": "eventarc.googleapis.com",
          "schema_version": 0,
          "attributes": {
            "disable_dependent_services": true,
            "disable_on_destroy": true,
            "id": "search-and-reco/eventarc.googleapis.com",
            "project": "search-and-reco",
            "service": "eventarc.googleapis.com",
            "timeouts": null
          },
          "sensitive_attributes": [],
          "identity_schema_version": 0,
          "private": "eyJlMmJmYjczMC1lY2FhLTExZTYtOGY4OC0zNDM2M2JjN2M0YzAiOnsiY3JlYXRlIjoxMjAwMDAwMDAwMDAwLCJkZWxldGUiOjEyMDAwMDAwMDAwMDAsInJlYWQiOjYwMDAwMDAwMDAwMCwidXBkYXRlIjoxMjAwMDAwMDAwMDAwfX0="
        },
        {
          "index_key": "firestore.googleapis.com",
          "schema_version": 0,
          "attributes": {
            "disable_dependent_services": true,
            "disable_on_destroy": true,
            "id": "search-and-reco/firestore.googleapis.com",
            "project": "search-and-reco",
            "service": "firestore.googleapis.com",
            "timeouts": null
          },
          "sensitive_attributes": [],
          "identity_schema_version": 0,
          "private": "eyJlMmJmYjczMC1lY2FhLTExZTYtOGY4OC0zNDM2M2JjN2M0YzAiOnsiY3JlYXRlIjoxMjAwMDAwMDAwMDAwLCJkZWxldGUiOjEyMDAwMDAwMDAwMDAsInJlYWQiOjYwMDAwMDAwMDAwMCwidXBkYXRlIjoxMjAwMDAwMDAwMDAwfX0="
        },
        {
          "index_key": "pubsub.googleapis.com",
          "schema_version": 0,
          "attributes": {
            "disable_dependent_services": true,
            "disable_on_destroy": true,
            "id": "search-and-reco/pubsub.googleapis.com",
            "project": "search-and-reco",
            "service": "pubsub.googleapis.com",
            "timeouts": null
          },
          "sensitive_attributes": [],
          "identity_schema_version": 0,
          "private": "eyJlMmJmYjczMC1lY2FhLTExZTYtOGY4OC0zNDM2M2JjN2M0YzAiOnsiY3JlYXRlIjoxMjAwMDAwMDAwMDAwLCJkZWxldGUiOjEyMDAwMDAwMDAwMDAsInJlYWQiOjYwMDAwMDAwMDAwMCwidXBkYXRlIjoxMjAwMDAwMDAwMDAwfX0="
        },
        {
          "index_key": "run.googleapis.com",
          "schema_version": 0,
          "attributes": {
            "disable_dependent_services": true,
            "disable_on_destroy": true,
            "id": "search-and-reco/run.googleapis.com",
            "project": "search-and-reco",
            "service": "run.googleapis.com",
            "timeouts": null
          },
          "sensitive_attributes": [],
          "identity_schema_version": 0,
          "private": "eyJlMmJmYjczMC1lY2FhLTExZTYtOGY4OC0zNDM2M2JjN2M0YzAiOnsiY3JlYXRlIjoxMjAwMDAwMDAwMDAwLCJkZWxldGUiOjEyMDAwMDAwMDAwMDAsInJlYWQiOjYwMDAwMDAwMDAwMCwidXBkYXRlIjoxMjAwMDAwMDAwMDAwfX0="
        },
        {
          "index_key": "storage.googleapis.com",
          "schema_version": 0,
          "attributes": {
            "disable_dependent_services": true,
            "disable_on_destroy": true,
            "id": "search-and-reco/storage.googleapis.com",
            "project": "search-and-reco",
            "service": "storage.googleapis.com",
            "timeouts": null
          },
          "sensitive_attributes": [],
          "identity_schema_version": 0,
          "private": "eyJlMmJmYjczMC1lY2FhLTExZTYtOGY4OC0zNDM2M2JjN2M0YzAiOnsiY3JlYXRlIjoxMjAwMDAwMDAwMDAwLCJkZWxldGUiOjEyMDAwMDAwMDAwMDAsInJlYWQiOjYwMDAwMDAwMDAwMCwidXBkYXRlIjoxMjAwMDAwMDAwMDAwfX0="
        },
        {
          "index_key": "workflows.googleapis.com",
          "schema_version": 0,
          "attributes": {
            "disable_dependent_services": true,
            "disable_on_destroy": true,
            "id": "search-and-reco/workflows.googleapis.com",
            "project": "search-and-reco",
            "service": "workflows.googleapis.com",
            "timeouts": null
          },
          "sensitive_attributes": [],
          "identity_schema_version": 0,
          "private": "eyJlMmJmYjczMC1lY2FhLTExZTYtOGY4OC0zNDM2M2JjN2M0YzAiOnsiY3JlYXRlIjoxMjAwMDAwMDAwMDAwLCJkZWxldGUiOjEyMDAwMDAwMDAwMDAsInJlYWQiOjYwMDAwMDAwMDAwMCwidXBkYXRlIjoxMjAwMDAwMDAwMDAwfX0="
        }
      ]
    },
    {
      "mode": "managed",
      "type": "google_pubsub_topic",
      "name": "audio_extractor_jobs",
      "provider": "provider[\"registry.terraform.io/hashicorp/google\"]",
      "instances": [
        {
          "schema_version": 0,
          "attributes": {
            "effective_labels": {},
            "id": "projects/search-and-reco/topics/audio-extractor-jobs",
            "ingestion_data_source_settings": [],
            "kms_key_name": "",
            "labels": {},
            "message_retention_duration": "",
            "message_storage_policy": [],
            "name": "audio-extractor-jobs",
            "project": "search-and-reco",
            "schema_settings": [],
            "terraform_labels": {},
            "timeouts": null
          },
          "sensitive_attributes": [],
          "identity_schema_version": 0,
          "private": "eyJlMmJmYjczMC1lY2FhLTExZTYtOGY4OC0zNDM2M2JjN2M0YzAiOnsiY3JlYXRlIjoxMjAwMDAwMDAwMDAwLCJkZWxldGUiOjEyMDAwMDAwMDAwMDAsInVwZGF0ZSI6MTIwMDAwMDAwMDAwMH19"
        }
      ]
    },
    {
      "mode": "managed",
      "type": "google_pubsub_topic",
      "name": "media_inspector_jobs",
      "provider": "provider[\"registry.terraform.io/hashicorp/google\"]",
      "instances": [
        {
          "schema_version": 0,
          "attributes": {
            "effective_labels": {},
            "id": "projects/search-and-reco/topics/media-inspector-jobs",
            "ingestion_data_source_settings": [],
            "kms_key_name": "",
            "labels": {},
            "message_retention_duration": "",
            "message_storage_policy": [],
            "name": "media-inspector-jobs",
            "project": "search-and-reco",
            "schema_settings": [],
            "terraform_labels": {},
            "timeouts": null
          },
          "sensitive_attributes": [],
          "identity_schema_version": 0,
          "private": "eyJlMmJmYjczMC1lY2FhLTExZTYtOGY4OC0zNDM2M2JjN2M0YzAiOnsiY3JlYXRlIjoxMjAwMDAwMDAwMDAwLCJkZWxldGUiOjEyMDAwMDAwMDAwMDAsInVwZGF0ZSI6MTIwMDAwMDAwMDAwMH19"
        }
      ]
    },
    {
      "mode": "managed",
      "type": "google_pubsub_topic",
      "name": "scene_analyzer_jobs",
      "provider": "provider[\"registry.terraform.io/hashicorp/google\"]",
      "instances": [
        {
          "schema_version": 0,
          "attributes": {
            "effective_labels": {},
            "id": "projects/search-and-reco/topics/scene-analyzer-jobs",
            "ingestion_data_source_settings": [],
            "kms_key_name": "",
            "labels": {},
            "message_retention_duration": "",
            "message_storage_policy": [],
            "name": "scene-analyzer-jobs",
            "project": "search-and-reco",
            "schema_settings": [],
            "terraform_labels": {},
            "timeouts": null
          },
          "sensitive_attributes": [],
          "identity_schema_version": 0,
          "private": "eyJlMmJmYjczMC1lY2FhLTExZTYtOGY4OC0zNDM2M2JjN2M0YzAiOnsiY3JlYXRlIjoxMjAwMDAwMDAwMDAwLCJkZWxldGUiOjEyMDAwMDAwMDAwMDAsInVwZGF0ZSI6MTIwMDAwMDAwMDAwMH19"
        }
      ]
    },
    {
      "mode": "managed",
      "type": "google_pubsub_topic",
      "name": "video_processor_jobs",
      "provider": "provider[\"registry.terraform.io/hashicorp/google\"]",
      "instances": [
        {
          "schema_version": 0,
          "attributes": {
            "effective_labels": {},
            "id": "projects/search-and-reco/topics/video-processor-jobs",
            "ingestion_data_source_settings": [],
            "kms_key_name": "",
            "labels": {},
            "message_retention_duration": "",
            "message_storage_policy": [],
            "name": "video-processor-jobs",
            "project": "search-and-reco",
            "schema_settings": [],
            "terraform_labels": {},
            "timeouts": null
          },
          "sensitive_attributes": [],
          "identity_schema_version": 0,
          "private": "eyJlMmJmYjczMC1lY2FhLTExZTYtOGY4OC0zNDM2M2JjN2M0YzAiOnsiY3JlYXRlIjoxMjAwMDAwMDAwMDAwLCJkZWxldGUiOjEyMDAwMDAwMDAwMDAsInVwZGF0ZSI6MTIwMDAwMDAwMDAwMH19"
        }
      ]
    },
    {
      "module": "module.audio_extractor_pubsub",
      "mode": "managed",
      "type": "google_pubsub_subscription",
      "name": "subscription",
      "provider": "provider[\"registry.terraform.io/hashicorp/google\"]",
      "instances": [
        {
          "schema_version": 0,
          "attributes": {
            "ack_deadline_seconds": 600,
            "bigquery_config": [],
            "cloud_storage_config": [],
            "dead_letter_policy": [],
            "effective_labels": {},
            "enable_exactly_once_delivery": false,
            "enable_message_ordering": false,
            "expiration_policy": [
              {
                "ttl": "2678400s"
              }
            ],
            "filter": "",
            "id": "projects/search-and-reco/subscriptions/audio-extractor-sub",
            "labels": {},
            "message_retention_duration": "604800s",
            "name": "audio-extractor-sub",
            "project": "search-and-reco",
            "push_config": [
              {
                "attributes": {},
                "no_wrapper": [],
                "oidc_token": [
                  {
                    "audience": "",
                    "service_account_email": "pubsub-invoker@search-and-reco.iam.gserviceaccount.com"
                  }
                ],
                "push_endpoint": "https://audio-extractor-service-p2irpfu5ya-el.a.run.app"
              }
            ],
            "retain_acked_messages": false,
            "retry_policy": [
              {
                "maximum_backoff": "600s",
                "minimum_backoff": "10s"
              }
            ],
            "terraform_labels": {},
            "timeouts": null,
            "topic": "projects/search-and-reco/topics/audio-extractor-jobs"
          },
          "sensitive_attributes": [],
          "identity_schema_version": 0,
          "private": "eyJlMmJmYjczMC1lY2FhLTExZTYtOGY4OC0zNDM2M2JjN2M0YzAiOnsiY3JlYXRlIjoxMjAwMDAwMDAwMDAwLCJkZWxldGUiOjEyMDAwMDAwMDAwMDAsInVwZGF0ZSI6MTIwMDAwMDAwMDAwMH19",
          "dependencies": [
            "google_artifact_registry_repository.repository",
            "google_project_service.required_apis",
            "google_pubsub_topic.audio_extractor_jobs",
            "module.audio_extractor_service.google_cloud_run_service.service",
            "module.service_accounts.google_service_account.pubsub_invoker",
            "module.service_accounts.google_service_account.services"
          ]
        }
      ]
    },
    {
      "module": "module.audio_extractor_pubsub",
      "mode": "managed",
      "type": "google_pubsub_subscription_iam_member",
      "name": "subscriber",
      "provider": "provider[\"registry.terraform.io/hashicorp/google\"]",
      "instances": [
        {
          "schema_version": 0,
          "attributes": {
            "condition": [],
            "etag": "BwY/iiuZ2Lo=",
            "id": "projects/search-and-reco/subscriptions/audio-extractor-sub/roles/pubsub.subscriber/serviceAccount:pubsub-invoker@search-and-reco.iam.gserviceaccount.com",
            "member": "serviceAccount:pubsub-invoker@search-and-reco.iam.gserviceaccount.com",
            "project": null,
            "role": "roles/pubsub.subscriber",
            "subscription": "audio-extractor-sub"
          },
          "sensitive_attributes": [],
          "identity_schema_version": 0,
          "private": "bnVsbA==",
          "dependencies": [
            "google_artifact_registry_repository.repository",
            "google_project_service.required_apis",
            "google_pubsub_topic.audio_extractor_jobs",
            "module.audio_extractor_pubsub.google_pubsub_subscription.subscription",
            "module.audio_extractor_service.google_cloud_run_service.service",
            "module.service_accounts.google_service_account.pubsub_invoker",
            "module.service_accounts.google_service_account.services"
          ]
        }
      ]
    },
    {
      "module": "module.audio_extractor_service",
      "mode": "data",
      "type": "google_iam_policy",
      "name": "noauth",
      "provider": "provider[\"registry.terraform.io/hashicorp/google\"]",
      "instances": [
        {
          "schema_version": 0,
          "attributes": {
            "audit_config": null,
            "binding": [
              {
                "condition": [],
                "members": [
                  "serviceAccount:super-over-services@search-and-reco.iam.gserviceaccount.com"
                ],
                "role": "roles/run.invoker"
              }
            ],
            "id": "1461937995",
            "policy_data": "{\"bindings\":[{\"members\":[\"serviceAccount:super-over-services@search-and-reco.iam.gserviceaccount.com\"],\"role\":\"roles/run.invoker\"}]}"
          },
          "sensitive_attributes": [],
          "identity_schema_version": 0
        }
      ]
    },
    {
      "module": "module.audio_extractor_service",
      "mode": "managed",
      "type": "google_cloud_run_service",
      "name": "service",
      "provider": "provider[\"registry.terraform.io/hashicorp/google\"]",
      "instances": [
        {
          "schema_version": 2,
          "attributes": {
            "autogenerate_revision_name": false,
            "id": "locations/asia-south1/namespaces/search-and-reco/services/audio-extractor-service",
            "location": "asia-south1",
            "metadata": [
              {
                "annotations": {},
                "effective_annotations": {
                  "run.googleapis.com/ingress": "all",
                  "run.googleapis.com/ingress-status": "all",
                  "run.googleapis.com/operation-id": "19bbe94b-807e-4dbf-9244-d795e34e27e7",
                  "run.googleapis.com/urls": "[\"https://audio-extractor-service-704354652621.asia-south1.run.app\",\"https://audio-extractor-service-p2irpfu5ya-el.a.run.app\"]",
                  "serving.knative.dev/creator": "admin@sanjeetsahay.altostrat.com",
                  "serving.knative.dev/lastModifier": "admin@sanjeetsahay.altostrat.com"
                },
                "effective_labels": {
                  "cloud.googleapis.com/location": "asia-south1",
                  "run.googleapis.com/satisfiesPzs": "true"
                },
                "generation": 1,
                "labels": {},
                "namespace": "search-and-reco",
                "resource_version": "AAY/iilWXS4",
                "self_link": "/apis/serving.knative.dev/v1/namespaces/704354652621/services/audio-extractor-service",
                "terraform_labels": {},
                "uid": "ce228fdf-cb54-47bf-9b98-327eb72445cc"
              }
            ],
            "name": "audio-extractor-service",
            "project": "search-and-reco",
            "status": [
              {
                "conditions": [
                  {
                    "message": "",
                    "reason": "",
                    "status": "True",
                    "type": "Ready"
                  },
                  {
                    "message": "",
                    "reason": "",
                    "status": "True",
                    "type": "ConfigurationsReady"
                  },
                  {
                    "message": "",
                    "reason": "",
                    "status": "True",
                    "type": "RoutesReady"
                  }
                ],
                "latest_created_revision_name": "audio-extractor-service-00001-rqg",
                "latest_ready_revision_name": "audio-extractor-service-00001-rqg",
                "observed_generation": 1,
                "traffic": [
                  {
                    "latest_revision": true,
                    "percent": 100,
                    "revision_name": "audio-extractor-service-00001-rqg",
                    "tag": "",
                    "url": ""
                  }
                ],
                "url": "https://audio-extractor-service-p2irpfu5ya-el.a.run.app"
              }
            ],
            "template": [
              {
                "metadata": [
                  {
                    "annotations": {
                      "autoscaling.knative.dev/maxScale": "10",
                      "run.googleapis.com/execution-environment": "gen2"
                    },
                    "generation": 0,
                    "labels": {
                      "run.googleapis.com/startupProbeType": "Default"
                    },
                    "name": "",
                    "namespace": "",
                    "resource_version": "",
                    "self_link": "",
                    "uid": ""
                  }
                ],
                "spec": [
                  {
                    "container_concurrency": 160,
                    "containers": [
                      {
                        "args": [],
                        "command": [],
                        "env": [],
                        "env_from": [],
                        "image": "asia-south1-docker.pkg.dev/search-and-reco/super-over-alchemy/audio-extractor:latest",
                        "liveness_probe": [],
                        "name": "",
                        "ports": [
                          {
                            "container_port": 8080,
                            "name": "http1",
                            "protocol": ""
                          }
                        ],
                        "resources": [
                          {
                            "limits": {
                              "cpu": "2",
                              "memory": "2Gi"
                            },
                            "requests": {}
                          }
                        ],
                        "startup_probe": [
                          {
                            "failure_threshold": 1,
                            "grpc": [],
                            "http_get": [],
                            "initial_delay_seconds": 0,
                            "period_seconds": 240,
                            "tcp_socket": [
                              {
                                "port": 8080
                              }
                            ],
                            "timeout_seconds": 240
                          }
                        ],
                        "volume_mounts": [],
                        "working_dir": ""
                      }
                    ],
                    "service_account_name": "super-over-services@search-and-reco.iam.gserviceaccount.com",
                    "serving_state": "",
                    "timeout_seconds": 3600,
                    "volumes": []
                  }
                ]
              }
            ],
            "timeouts": null,
            "traffic": [
              {
                "latest_revision": true,
                "percent": 100,
                "revision_name": "",
                "tag": "",
                "url": ""
              }
            ]
          },
          "sensitive_attributes": [],
          "identity_schema_version": 0,
          "private": "eyJlMmJmYjczMC1lY2FhLTExZTYtOGY4OC0zNDM2M2JjN2M0YzAiOnsiY3JlYXRlIjoxMjAwMDAwMDAwMDAwLCJkZWxldGUiOjEyMDAwMDAwMDAwMDAsInVwZGF0ZSI6MTIwMDAwMDAwMDAwMH0sInNjaGVtYV92ZXJzaW9uIjoiMiJ9",
          "dependencies": [
            "google_artifact_registry_repository.repository",
            "google_project_service.required_apis",
            "module.service_accounts.google_service_account.services"
          ]
        }
      ]
    },
    {
      "module": "module.job_creator_service",
      "mode": "data",
      "type": "google_iam_policy",
      "name": "noauth",
      "provider": "provider[\"registry.terraform.io/hashicorp/google\"]",
      "instances": [
        {
          "schema_version": 0,
          "attributes": {
            "audit_config": null,
            "binding": [
              {
                "condition": [],
                "members": [
                  "serviceAccount:super-over-services@search-and-reco.iam.gserviceaccount.com"
                ],
                "role": "roles/run.invoker"
              }
            ],
            "id": "1461937995",
            "policy_data": "{\"bindings\":[{\"members\":[\"serviceAccount:super-over-services@search-and-reco.iam.gserviceaccount.com\"],\"role\":\"roles/run.invoker\"}]}"
          },
          "sensitive_attributes": [],
          "identity_schema_version": 0
        }
      ]
    },
    {
      "module": "module.job_creator_service",
      "mode": "managed",
      "type": "google_cloud_run_service",
      "name": "service",
      "provider": "provider[\"registry.terraform.io/hashicorp/google\"]",
      "instances": [
        {
          "schema_version": 2,
          "attributes": {
            "autogenerate_revision_name": false,
            "id": "locations/asia-south1/namespaces/search-and-reco/services/job-creator-service",
            "location": "asia-south1",
            "metadata": [
              {
                "annotations": {},
                "effective_annotations": {
                  "run.googleapis.com/ingress": "all",
                  "run.googleapis.com/ingress-status": "all",
                  "run.googleapis.com/operation-id": "b667d572-055c-47ea-91e2-3d0a620d8285",
                  "run.googleapis.com/urls": "[\"https://job-creator-service-704354652621.asia-south1.run.app\",\"https://job-creator-service-p2irpfu5ya-el.a.run.app\"]",
                  "serving.knative.dev/creator": "admin@sanjeetsahay.altostrat.com",
                  "serving.knative.dev/lastModifier": "admin@sanjeetsahay.altostrat.com"
                },
                "effective_labels": {
                  "cloud.googleapis.com/location": "asia-south1",
                  "run.googleapis.com/satisfiesPzs": "true"
                },
                "generation": 1,
                "labels": {},
                "namespace": "search-and-reco",
                "resource_version": "AAY/moHjPqQ",
                "self_link": "/apis/serving.knative.dev/v1/namespaces/704354652621/services/job-creator-service",
                "terraform_labels": {},
                "uid": "2cfcf1a2-45eb-4ace-ad9f-21f49f58563a"
              }
            ],
            "name": "job-creator-service",
            "project": "search-and-reco",
            "status": [
              {
                "conditions": [
                  {
                    "message": "",
                    "reason": "",
                    "status": "True",
                    "type": "Ready"
                  },
                  {
                    "message": "",
                    "reason": "",
                    "status": "True",
                    "type": "ConfigurationsReady"
                  },
                  {
                    "message": "",
                    "reason": "",
                    "status": "True",
                    "type": "RoutesReady"
                  }
                ],
                "latest_created_revision_name": "job-creator-service-00001-t8m",
                "latest_ready_revision_name": "job-creator-service-00001-t8m",
                "observed_generation": 1,
                "traffic": [
                  {
                    "latest_revision": true,
                    "percent": 100,
                    "revision_name": "job-creator-service-00001-t8m",
                    "tag": "",
                    "url": ""
                  }
                ],
                "url": "https://job-creator-service-p2irpfu5ya-el.a.run.app"
              }
            ],
            "template": [
              {
                "metadata": [
                  {
                    "annotations": {
                      "autoscaling.knative.dev/maxScale": "10",
                      "autoscaling.knative.dev/minScale": "1",
                      "run.googleapis.com/execution-environment": "gen2"
                    },
                    "generation": 0,
                    "labels": {
                      "run.googleapis.com/startupProbeType": "Default"
                    },
                    "name": "",
                    "namespace": "",
                    "resource_version": "",
                    "self_link": "",
                    "uid": ""
                  }
                ],
                "spec": [
                  {
                    "container_concurrency": 160,
                    "containers": [
                      {
                        "args": null,
                        "command": null,
                        "env": [
                          {
                            "name": "GCP_LOCATION",
                            "value": "asia-south1",
                            "value_from": []
                          },
                          {
                            "name": "GCP_PROJECT",
                            "value": "search-and-reco",
                            "value_from": []
                          },
                          {
                            "name": "WORKFLOW_NAME",
                            "value": "pipeline-orchestrator",
                            "value_from": []
                          }
                        ],
                        "env_from": [],
                        "image": "asia-south1-docker.pkg.dev/search-and-reco/super-over-alchemy/job-creator:latest",
                        "liveness_probe": [],
                        "name": "",
                        "ports": [
                          {
                            "container_port": 8080,
                            "name": "http1",
                            "protocol": ""
                          }
                        ],
                        "resources": [
                          {
                            "limits": {
                              "cpu": "2",
                              "memory": "2Gi"
                            },
                            "requests": null
                          }
                        ],
                        "startup_probe": [
                          {
                            "failure_threshold": 1,
                            "grpc": [],
                            "http_get": [],
                            "initial_delay_seconds": 0,
                            "period_seconds": 240,
                            "tcp_socket": [
                              {
                                "port": 8080
                              }
                            ],
                            "timeout_seconds": 240
                          }
                        ],
                        "volume_mounts": [],
                        "working_dir": ""
                      }
                    ],
                    "service_account_name": "super-over-services@search-and-reco.iam.gserviceaccount.com",
                    "serving_state": "",
                    "timeout_seconds": 3600,
                    "volumes": []
                  }
                ]
              }
            ],
            "timeouts": null,
            "traffic": [
              {
                "latest_revision": true,
                "percent": 100,
                "revision_name": "",
                "tag": "",
                "url": ""
              }
            ]
          },
          "sensitive_attributes": [],
          "identity_schema_version": 0,
          "private": "eyJlMmJmYjczMC1lY2FhLTExZTYtOGY4OC0zNDM2M2JjN2M0YzAiOnsiY3JlYXRlIjoxMjAwMDAwMDAwMDAwLCJkZWxldGUiOjEyMDAwMDAwMDAwMDAsInVwZGF0ZSI6MTIwMDAwMDAwMDAwMH0sInNjaGVtYV92ZXJzaW9uIjoiMiJ9",
          "dependencies": [
            "google_artifact_registry_repository.repository",
            "google_project_service.required_apis",
            "module.service_accounts.google_service_account.services"
          ]
        }
      ]
    },
    {
      "module": "module.job_creator_service",
      "mode": "managed",
      "type": "google_cloud_run_service_iam_policy",
      "name": "noauth",
      "provider": "provider[\"registry.terraform.io/hashicorp/google\"]",
      "instances": [
        {
          "schema_version": 0,
          "attributes": {
            "etag": "BwY/moI3Uy0=",
            "id": "v1/projects/search-and-reco/locations/asia-south1/services/job-creator-service",
            "location": "asia-south1",
            "policy_data": "{\"bindings\":[{\"members\":[\"serviceAccount:super-over-services@search-and-reco.iam.gserviceaccount.com\"],\"role\":\"roles/run.invoker\"}]}",
            "project": "search-and-reco",
            "service": "v1/projects/search-and-reco/locations/asia-south1/services/job-creator-service"
          },
          "sensitive_attributes": [],
          "identity_schema_version": 0,
          "private": "bnVsbA==",
          "dependencies": [
            "google_artifact_registry_repository.repository",
            "google_project_service.required_apis",
            "module.job_creator_service.data.google_iam_policy.noauth",
            "module.job_creator_service.google_cloud_run_service.service",
            "module.service_accounts.google_service_account.services"
          ]
        }
      ]
    },
    {
      "module": "module.media_inspector_pubsub",
      "mode": "managed",
      "type": "google_pubsub_subscription",
      "name": "subscription",
      "provider": "provider[\"registry.terraform.io/hashicorp/google\"]",
      "instances": [
        {
          "schema_version": 0,
          "attributes": {
            "ack_deadline_seconds": 600,
            "bigquery_config": [],
            "cloud_storage_config": [],
            "dead_letter_policy": [],
            "effective_labels": {},
            "enable_exactly_once_delivery": false,
            "enable_message_ordering": false,
            "expiration_policy": [
              {
                "ttl": "2678400s"
              }
            ],
            "filter": "",
            "id": "projects/search-and-reco/subscriptions/media-inspector-sub",
            "labels": {},
            "message_retention_duration": "604800s",
            "name": "media-inspector-sub",
            "project": "search-and-reco",
            "push_config": [
              {
                "attributes": {},
                "no_wrapper": [],
                "oidc_token": [
                  {
                    "audience": "",
                    "service_account_email": "pubsub-invoker@search-and-reco.iam.gserviceaccount.com"
                  }
                ],
                "push_endpoint": "https://media-inspector-service-p2irpfu5ya-el.a.run.app"
              }
            ],
            "retain_acked_messages": false,
            "retry_policy": [
              {
                "maximum_backoff": "600s",
                "minimum_backoff": "10s"
              }
            ],
            "terraform_labels": {},
            "timeouts": null,
            "topic": "projects/search-and-reco/topics/media-inspector-jobs"
          },
          "sensitive_attributes": [],
          "identity_schema_version": 0,
          "private": "eyJlMmJmYjczMC1lY2FhLTExZTYtOGY4OC0zNDM2M2JjN2M0YzAiOnsiY3JlYXRlIjoxMjAwMDAwMDAwMDAwLCJkZWxldGUiOjEyMDAwMDAwMDAwMDAsInVwZGF0ZSI6MTIwMDAwMDAwMDAwMH19",
          "dependencies": [
            "google_artifact_registry_repository.repository",
            "google_project_service.required_apis",
            "google_pubsub_topic.media_inspector_jobs",
            "module.media_inspector_service.google_cloud_run_service.service",
            "module.service_accounts.google_service_account.pubsub_invoker",
            "module.service_accounts.google_service_account.services"
          ]
        }
      ]
    },
    {
      "module": "module.media_inspector_pubsub",
      "mode": "managed",
      "type": "google_pubsub_subscription_iam_member",
      "name": "subscriber",
      "provider": "provider[\"registry.terraform.io/hashicorp/google\"]",
      "instances": [
        {
          "schema_version": 0,
          "attributes": {
            "condition": [],
            "etag": "BwY/iiss+Y0=",
            "id": "projects/search-and-reco/subscriptions/media-inspector-sub/roles/pubsub.subscriber/serviceAccount:pubsub-invoker@search-and-reco.iam.gserviceaccount.com",
            "member": "serviceAccount:pubsub-invoker@search-and-reco.iam.gserviceaccount.com",
            "project": null,
            "role": "roles/pubsub.subscriber",
            "subscription": "media-inspector-sub"
          },
          "sensitive_attributes": [],
          "identity_schema_version": 0,
          "private": "bnVsbA==",
          "dependencies": [
            "google_artifact_registry_repository.repository",
            "google_project_service.required_apis",
            "google_pubsub_topic.media_inspector_jobs",
            "module.media_inspector_pubsub.google_pubsub_subscription.subscription",
            "module.media_inspector_service.google_cloud_run_service.service",
            "module.service_accounts.google_service_account.pubsub_invoker",
            "module.service_accounts.google_service_account.services"
          ]
        }
      ]
    },
    {
      "module": "module.media_inspector_service",
      "mode": "data",
      "type": "google_iam_policy",
      "name": "noauth",
      "provider": "provider[\"registry.terraform.io/hashicorp/google\"]",
      "instances": [
        {
          "schema_version": 0,
          "attributes": {
            "audit_config": null,
            "binding": [
              {
                "condition": [],
                "members": [
                  "serviceAccount:super-over-services@search-and-reco.iam.gserviceaccount.com"
                ],
                "role": "roles/run.invoker"
              }
            ],
            "id": "1461937995",
            "policy_data": "{\"bindings\":[{\"members\":[\"serviceAccount:super-over-services@search-and-reco.iam.gserviceaccount.com\"],\"role\":\"roles/run.invoker\"}]}"
          },
          "sensitive_attributes": [],
          "identity_schema_version": 0
        }
      ]
    },
    {
      "module": "module.media_inspector_service",
      "mode": "managed",
      "type": "google_cloud_run_service",
      "name": "service",
      "provider": "provider[\"registry.terraform.io/hashicorp/google\"]",
      "instances": [
        {
          "schema_version": 2,
          "attributes": {
            "autogenerate_revision_name": false,
            "id": "locations/asia-south1/namespaces/search-and-reco/services/media-inspector-service",
            "location": "asia-south1",
            "metadata": [
              {
                "annotations": {},
                "effective_annotations": {
                  "run.googleapis.com/ingress": "all",
                  "run.googleapis.com/ingress-status": "all",
                  "run.googleapis.com/operation-id": "ced744a5-a598-4b97-99a9-f9304ccc6fe5",
                  "run.googleapis.com/urls": "[\"https://media-inspector-service-704354652621.asia-south1.run.app\",\"https://media-inspector-service-p2irpfu5ya-el.a.run.app\"]",
                  "serving.knative.dev/creator": "admin@sanjeetsahay.altostrat.com",
                  "serving.knative.dev/lastModifier": "admin@sanjeetsahay.altostrat.com"
                },
                "effective_labels": {
                  "cloud.googleapis.com/location": "asia-south1",
                  "run.googleapis.com/satisfiesPzs": "true"
                },
                "generation": 1,
                "labels": {},
                "namespace": "search-and-reco",
                "resource_version": "AAY/iil57hM",
                "self_link": "/apis/serving.knative.dev/v1/namespaces/704354652621/services/media-inspector-service",
                "terraform_labels": {},
                "uid": "39d82111-750a-4205-84a2-c252e40e335b"
              }
            ],
            "name": "media-inspector-service",
            "project": "search-and-reco",
            "status": [
              {
                "conditions": [
                  {
                    "message": "",
                    "reason": "",
                    "status": "True",
                    "type": "Ready"
                  },
                  {
                    "message": "",
                    "reason": "",
                    "status": "True",
                    "type": "ConfigurationsReady"
                  },
                  {
                    "message": "",
                    "reason": "",
                    "status": "True",
                    "type": "RoutesReady"
                  }
                ],
                "latest_created_revision_name": "media-inspector-service-00001-7xh",
                "latest_ready_revision_name": "media-inspector-service-00001-7xh",
                "observed_generation": 1,
                "traffic": [
                  {
                    "latest_revision": true,
                    "percent": 100,
                    "revision_name": "media-inspector-service-00001-7xh",
                    "tag": "",
                    "url": ""
                  }
                ],
                "url": "https://media-inspector-service-p2irpfu5ya-el.a.run.app"
              }
            ],
            "template": [
              {
                "metadata": [
                  {
                    "annotations": {
                      "autoscaling.knative.dev/maxScale": "10",
                      "run.googleapis.com/execution-environment": "gen2"
                    },
                    "generation": 0,
                    "labels": {
                      "run.googleapis.com/startupProbeType": "Default"
                    },
                    "name": "",
                    "namespace": "",
                    "resource_version": "",
                    "self_link": "",
                    "uid": ""
                  }
                ],
                "spec": [
                  {
                    "container_concurrency": 160,
                    "containers": [
                      {
                        "args": [],
                        "command": [],
                        "env": [],
                        "env_from": [],
                        "image": "asia-south1-docker.pkg.dev/search-and-reco/super-over-alchemy/media-inspector:latest",
                        "liveness_probe": [],
                        "name": "",
                        "ports": [
                          {
                            "container_port": 8080,
                            "name": "http1",
                            "protocol": ""
                          }
                        ],
                        "resources": [
                          {
                            "limits": {
                              "cpu": "2",
                              "memory": "2Gi"
                            },
                            "requests": {}
                          }
                        ],
                        "startup_probe": [
                          {
                            "failure_threshold": 1,
                            "grpc": [],
                            "http_get": [],
                            "initial_delay_seconds": 0,
                            "period_seconds": 240,
                            "tcp_socket": [
                              {
                                "port": 8080
                              }
                            ],
                            "timeout_seconds": 240
                          }
                        ],
                        "volume_mounts": [],
                        "working_dir": ""
                      }
                    ],
                    "service_account_name": "super-over-services@search-and-reco.iam.gserviceaccount.com",
                    "serving_state": "",
                    "timeout_seconds": 3600,
                    "volumes": []
                  }
                ]
              }
            ],
            "timeouts": null,
            "traffic": [
              {
                "latest_revision": true,
                "percent": 100,
                "revision_name": "",
                "tag": "",
                "url": ""
              }
            ]
          },
          "sensitive_attributes": [],
          "identity_schema_version": 0,
          "private": "eyJlMmJmYjczMC1lY2FhLTExZTYtOGY4OC0zNDM2M2JjN2M0YzAiOnsiY3JlYXRlIjoxMjAwMDAwMDAwMDAwLCJkZWxldGUiOjEyMDAwMDAwMDAwMDAsInVwZGF0ZSI6MTIwMDAwMDAwMDAwMH0sInNjaGVtYV92ZXJzaW9uIjoiMiJ9",
          "dependencies": [
            "google_artifact_registry_repository.repository",
            "google_project_service.required_apis",
            "module.service_accounts.google_service_account.services"
          ]
        }
      ]
    },
    {
      "module": "module.scene_analyzer_pubsub",
      "mode": "managed",
      "type": "google_cloud_run_service_iam_member",
      "name": "invoker",
      "provider": "provider[\"registry.terraform.io/hashicorp/google\"]",
      "instances": [
        {
          "schema_version": 0,
          "attributes": {
            "condition": [],
            "etag": "BwY/ikkvpbk=",
            "id": "v1/projects/search-and-reco/locations/asia-south1/services/scene-analyzer-service/roles/run.invoker/serviceAccount:pubsub-invoker@search-and-reco.iam.gserviceaccount.com",
            "location": "asia-south1",
            "member": "serviceAccount:pubsub-invoker@search-and-reco.iam.gserviceaccount.com",
            "project": "search-and-reco",
            "role": "roles/run.invoker",
            "service": "v1/projects/search-and-reco/locations/asia-south1/services/scene-analyzer-service"
          },
          "sensitive_attributes": [],
          "identity_schema_version": 0,
          "private": "bnVsbA==",
          "dependencies": [
            "module.service_accounts.google_service_account.pubsub_invoker"
          ]
        }
      ]
    },
    {
      "module": "module.scene_analyzer_pubsub",
      "mode": "managed",
      "type": "google_pubsub_subscription",
      "name": "subscription",
      "provider": "provider[\"registry.terraform.io/hashicorp/google\"]",
      "instances": [
        {
          "schema_version": 0,
          "attributes": {
            "ack_deadline_seconds": 600,
            "bigquery_config": [],
            "cloud_storage_config": [],
            "dead_letter_policy": [],
            "effective_labels": {},
            "enable_exactly_once_delivery": false,
            "enable_message_ordering": false,
            "expiration_policy": [
              {
                "ttl": "2678400s"
              }
            ],
            "filter": "",
            "id": "projects/search-and-reco/subscriptions/scene-analyzer-sub",
            "labels": {},
            "message_retention_duration": "604800s",
            "name": "scene-analyzer-sub",
            "project": "search-and-reco",
            "push_config": [
              {
                "attributes": {},
                "no_wrapper": [],
                "oidc_token": [
                  {
                    "audience": "",
                    "service_account_email": "pubsub-invoker@search-and-reco.iam.gserviceaccount.com"
                  }
                ],
                "push_endpoint": "https://scene-analyzer-service-p2irpfu5ya-el.a.run.app"
              }
            ],
            "retain_acked_messages": false,
            "retry_policy": [
              {
                "maximum_backoff": "600s",
                "minimum_backoff": "10s"
              }
            ],
            "terraform_labels": {},
            "timeouts": null,
            "topic": "projects/search-and-reco/topics/scene-analyzer-jobs"
          },
          "sensitive_attributes": [],
          "identity_schema_version": 0,
          "private": "eyJlMmJmYjczMC1lY2FhLTExZTYtOGY4OC0zNDM2M2JjN2M0YzAiOnsiY3JlYXRlIjoxMjAwMDAwMDAwMDAwLCJkZWxldGUiOjEyMDAwMDAwMDAwMDAsInVwZGF0ZSI6MTIwMDAwMDAwMDAwMH19",
          "dependencies": [
            "google_artifact_registry_repository.repository",
            "google_project_service.required_apis",
            "google_pubsub_topic.scene_analyzer_jobs",
            "module.scene_analyzer_service.google_cloud_run_service.service",
            "module.service_accounts.google_service_account.pubsub_invoker",
            "module.service_accounts.google_service_account.services"
          ]
        }
      ]
    },
    {
      "module": "module.scene_analyzer_pubsub",
      "mode": "managed",
      "type": "google_pubsub_subscription_iam_member",
      "name": "subscriber",
      "provider": "provider[\"registry.terraform.io/hashicorp/google\"]",
      "instances": [
        {
          "schema_version": 0,
          "attributes": {
            "condition": [],
            "etag": "BwY/iisYbps=",
            "id": "projects/search-and-reco/subscriptions/scene-analyzer-sub/roles/pubsub.subscriber/serviceAccount:pubsub-invoker@search-and-reco.iam.gserviceaccount.com",
            "member": "serviceAccount:pubsub-invoker@search-and-reco.iam.gserviceaccount.com",
            "project": null,
            "role": "roles/pubsub.subscriber",
            "subscription": "scene-analyzer-sub"
          },
          "sensitive_attributes": [],
          "identity_schema_version": 0,
          "private": "bnVsbA==",
          "dependencies": [
            "google_artifact_registry_repository.repository",
            "google_project_service.required_apis",
            "google_pubsub_topic.scene_analyzer_jobs",
            "module.scene_analyzer_pubsub.google_pubsub_subscription.subscription",
            "module.scene_analyzer_service.google_cloud_run_service.service",
            "module.service_accounts.google_service_account.pubsub_invoker",
            "module.service_accounts.google_service_account.services"
          ]
        }
      ]
    },
    {
      "module": "module.scene_analyzer_service",
      "mode": "data",
      "type": "google_iam_policy",
      "name": "noauth",
      "provider": "provider[\"registry.terraform.io/hashicorp/google\"]",
      "instances": [
        {
          "schema_version": 0,
          "attributes": {
            "audit_config": null,
            "binding": [
              {
                "condition": [],
                "members": [
                  "serviceAccount:super-over-services@search-and-reco.iam.gserviceaccount.com"
                ],
                "role": "roles/run.invoker"
              }
            ],
            "id": "1461937995",
            "policy_data": "{\"bindings\":[{\"members\":[\"serviceAccount:super-over-services@search-and-reco.iam.gserviceaccount.com\"],\"role\":\"roles/run.invoker\"}]}"
          },
          "sensitive_attributes": [],
          "identity_schema_version": 0
        }
      ]
    },
    {
      "module": "module.scene_analyzer_service",
      "mode": "managed",
      "type": "google_cloud_run_service",
      "name": "service",
      "provider": "provider[\"registry.terraform.io/hashicorp/google\"]",
      "instances": [
        {
          "schema_version": 2,
          "attributes": {
            "autogenerate_revision_name": false,
            "id": "locations/asia-south1/namespaces/search-and-reco/services/scene-analyzer-service",
            "location": "asia-south1",
            "metadata": [
              {
                "annotations": {},
                "effective_annotations": {
                  "run.googleapis.com/ingress": "all",
                  "run.googleapis.com/ingress-status": "all",
                  "run.googleapis.com/operation-id": "0d7f4073-3ff1-447e-b3a1-1b908405c7db",
                  "run.googleapis.com/urls": "[\"https://scene-analyzer-service-704354652621.asia-south1.run.app\",\"https://scene-analyzer-service-p2irpfu5ya-el.a.run.app\"]",
                  "serving.knative.dev/creator": "admin@sanjeetsahay.altostrat.com",
                  "serving.knative.dev/lastModifier": "admin@sanjeetsahay.altostrat.com"
                },
                "effective_labels": {
                  "cloud.googleapis.com/location": "asia-south1",
                  "run.googleapis.com/satisfiesPzs": "true"
                },
                "generation": 1,
                "labels": {},
                "namespace": "search-and-reco",
                "resource_version": "AAY/iilaiJY",
                "self_link": "/apis/serving.knative.dev/v1/namespaces/704354652621/services/scene-analyzer-service",
                "terraform_labels": {},
                "uid": "7a5d7063-aa4e-4c0c-ad19-b8a928626897"
              }
            ],
            "name": "scene-analyzer-service",
            "project": "search-and-reco",
            "status": [
              {
                "conditions": [
                  {
                    "message": "",
                    "reason": "",
                    "status": "True",
                    "type": "Ready"
                  },
                  {
                    "message": "",
                    "reason": "",
                    "status": "True",
                    "type": "ConfigurationsReady"
                  },
                  {
                    "message": "",
                    "reason": "",
                    "status": "True",
                    "type": "RoutesReady"
                  }
                ],
                "latest_created_revision_name": "scene-analyzer-service-00001-fmw",
                "latest_ready_revision_name": "scene-analyzer-service-00001-fmw",
                "observed_generation": 1,
                "traffic": [
                  {
                    "latest_revision": true,
                    "percent": 100,
                    "revision_name": "scene-analyzer-service-00001-fmw",
                    "tag": "",
                    "url": ""
                  }
                ],
                "url": "https://scene-analyzer-service-p2irpfu5ya-el.a.run.app"
              }
            ],
            "template": [
              {
                "metadata": [
                  {
                    "annotations": {
                      "autoscaling.knative.dev/maxScale": "10",
                      "run.googleapis.com/execution-environment": "gen2"
                    },
                    "generation": 0,
                    "labels": {
                      "run.googleapis.com/startupProbeType": "Default"
                    },
                    "name": "",
                    "namespace": "",
                    "resource_version": "",
                    "self_link": "",
                    "uid": ""
                  }
                ],
                "spec": [
                  {
                    "container_concurrency": 160,
                    "containers": [
                      {
                        "args": [],
                        "command": [],
                        "env": [
                          {
                            "name": "GEMINI_API_KEY",
                            "value": "AIzaSyD-0CjboIqTA2lz0Cq3a4Du5YbxoghhswY",
                            "value_from": []
                          },
                          {
                            "name": "GEMINI_MODEL",
                            "value": "models/gemini-2.5-pro",
                            "value_from": []
                          }
                        ],
                        "env_from": [],
                        "image": "asia-south1-docker.pkg.dev/search-and-reco/super-over-alchemy/scene-analyzer:latest",
                        "liveness_probe": [],
                        "name": "",
                        "ports": [
                          {
                            "container_port": 8080,
                            "name": "http1",
                            "protocol": ""
                          }
                        ],
                        "resources": [
                          {
                            "limits": {
                              "cpu": "2",
                              "memory": "2Gi"
                            },
                            "requests": {}
                          }
                        ],
                        "startup_probe": [
                          {
                            "failure_threshold": 1,
                            "grpc": [],
                            "http_get": [],
                            "initial_delay_seconds": 0,
                            "period_seconds": 240,
                            "tcp_socket": [
                              {
                                "port": 8080
                              }
                            ],
                            "timeout_seconds": 240
                          }
                        ],
                        "volume_mounts": [],
                        "working_dir": ""
                      }
                    ],
                    "service_account_name": "super-over-services@search-and-reco.iam.gserviceaccount.com",
                    "serving_state": "",
                    "timeout_seconds": 3600,
                    "volumes": []
                  }
                ]
              }
            ],
            "timeouts": null,
            "traffic": [
              {
                "latest_revision": true,
                "percent": 100,
                "revision_name": "",
                "tag": "",
                "url": ""
              }
            ]
          },
          "sensitive_attributes": [
            [
              {
                "type": "get_attr",
                "value": "template"
              },
              {
                "type": "index",
                "value": {
                  "value": 0,
                  "type": "number"
                }
              },
              {
                "type": "get_attr",
                "value": "spec"
              },
              {
                "type": "index",
                "value": {
                  "value": 0,
                  "type": "number"
                }
              },
              {
                "type": "get_attr",
                "value": "containers"
              },
              {
                "type": "index",
                "value": {
                  "value": 0,
                  "type": "number"
                }
              },
              {
                "type": "get_attr",
                "value": "env"
              }
            ]
          ],
          "identity_schema_version": 0,
          "private": "eyJlMmJmYjczMC1lY2FhLTExZTYtOGY4OC0zNDM2M2JjN2M0YzAiOnsiY3JlYXRlIjoxMjAwMDAwMDAwMDAwLCJkZWxldGUiOjEyMDAwMDAwMDAwMDAsInVwZGF0ZSI6MTIwMDAwMDAwMDAwMH0sInNjaGVtYV92ZXJzaW9uIjoiMiJ9",
          "dependencies": [
            "google_artifact_registry_repository.repository",
            "google_project_service.required_apis",
            "module.service_accounts.google_service_account.services"
          ]
        }
      ]
    },
    {
      "module": "module.scene_analyzer_service",
      "mode": "managed",
      "type": "google_cloud_run_service_iam_policy",
      "name": "noauth",
      "provider": "provider[\"registry.terraform.io/hashicorp/google\"]",
      "instances": [
        {
          "schema_version": 0,
          "attributes": {
            "etag": "BwY/i9fUfPo=",
            "id": "v1/projects/search-and-reco/locations/asia-south1/services/scene-analyzer-service",
            "location": "asia-south1",
            "policy_data": "{\"bindings\":[{\"members\":[\"serviceAccount:super-over-services@search-and-reco.iam.gserviceaccount.com\"],\"role\":\"roles/run.invoker\"}]}",
            "project": "search-and-reco",
            "service": "v1/projects/search-and-reco/locations/asia-south1/services/scene-analyzer-service"
          },
          "sensitive_attributes": [],
          "identity_schema_version": 0,
          "private": "bnVsbA==",
          "dependencies": [
            "google_artifact_registry_repository.repository",
            "google_project_service.required_apis",
            "module.scene_analyzer_service.data.google_iam_policy.noauth",
            "module.scene_analyzer_service.google_cloud_run_service.service",
            "module.service_accounts.google_service_account.services"
          ]
        }
      ]
    },
    {
      "module": "module.service_accounts",
      "mode": "managed",
      "type": "google_project_iam_member",
      "name": "services_firestore_user",
      "provider": "provider[\"registry.terraform.io/hashicorp/google\"]",
      "instances": [
        {
          "schema_version": 0,
          "attributes": {
            "condition": [],
            "etag": "BwY/ij4ZwvA=",
            "id": "search-and-reco/roles/datastore.user/serviceAccount:super-over-services@search-and-reco.iam.gserviceaccount.com",
            "member": "serviceAccount:super-over-services@search-and-reco.iam.gserviceaccount.com",
            "project": "search-and-reco",
            "role": "roles/datastore.user"
          },
          "sensitive_attributes": [],
          "identity_schema_version": 0,
          "private": "bnVsbA==",
          "dependencies": [
            "module.service_accounts.google_service_account.services"
          ]
        }
      ]
    },
    {
      "module": "module.service_accounts",
      "mode": "managed",
      "type": "google_project_iam_member",
      "name": "services_functions_invoker",
      "provider": "provider[\"registry.terraform.io/hashicorp/google\"]",
      "instances": [
        {
          "schema_version": 0,
          "attributes": {
            "condition": [],
            "etag": "BwY/ij4ZwvA=",
            "id": "search-and-reco/roles/cloudfunctions.invoker/serviceAccount:super-over-services@search-and-reco.iam.gserviceaccount.com",
            "member": "serviceAccount:super-over-services@search-and-reco.iam.gserviceaccount.com",
            "project": "search-and-reco",
            "role": "roles/cloudfunctions.invoker"
          },
          "sensitive_attributes": [],
          "identity_schema_version": 0,
          "private": "bnVsbA==",
          "dependencies": [
            "module.service_accounts.google_service_account.services"
          ]
        }
      ]
    },
    {
      "module": "module.service_accounts",
      "mode": "managed",
      "type": "google_project_iam_member",
      "name": "services_storage_admin",
      "provider": "provider[\"registry.terraform.io/hashicorp/google\"]",
      "instances": [
        {
          "schema_version": 0,
          "attributes": {
            "condition": [],
            "etag": "BwY/ij4ZwvA=",
            "id": "search-and-reco/roles/storage.admin/serviceAccount:super-over-services@search-and-reco.iam.gserviceaccount.com",
            "member": "serviceAccount:super-over-services@search-and-reco.iam.gserviceaccount.com",
            "project": "search-and-reco",
            "role": "roles/storage.admin"
          },
          "sensitive_attributes": [],
          "identity_schema_version": 0,
          "private": "bnVsbA==",
          "dependencies": [
            "module.service_accounts.google_service_account.services"
          ]
        }
      ]
    },
    {
      "module": "module.service_accounts",
      "mode": "managed",
      "type": "google_project_iam_member",
      "name": "services_workflows_invoker",
      "provider": "provider[\"registry.terraform.io/hashicorp/google\"]",
      "instances": [
        {
          "schema_version": 0,
          "attributes": {
            "condition": [],
            "etag": "BwY/ij4ZwvA=",
            "id": "search-and-reco/roles/workflows.invoker/serviceAccount:super-over-services@search-and-reco.iam.gserviceaccount.com",
            "member": "serviceAccount:super-over-services@search-and-reco.iam.gserviceaccount.com",
            "project": "search-and-reco",
            "role": "roles/workflows.invoker"
          },
          "sensitive_attributes": [],
          "identity_schema_version": 0,
          "private": "bnVsbA==",
          "dependencies": [
            "module.service_accounts.google_service_account.services"
          ]
        }
      ]
    },
    {
      "module": "module.service_accounts",
      "mode": "managed",
      "type": "google_service_account",
      "name": "pubsub_invoker",
      "provider": "provider[\"registry.terraform.io/hashicorp/google\"]",
      "instances": [
        {
          "schema_version": 0,
          "attributes": {
            "account_id": "pubsub-invoker",
            "create_ignore_already_exists": null,
            "description": "Service account for Pub/Sub to invoke Cloud Run services",
            "disabled": false,
            "display_name": "Pub/Sub Cloud Run Invoker",
            "email": "pubsub-invoker@search-and-reco.iam.gserviceaccount.com",
            "id": "projects/search-and-reco/serviceAccounts/pubsub-invoker@search-and-reco.iam.gserviceaccount.com",
            "member": "serviceAccount:pubsub-invoker@search-and-reco.iam.gserviceaccount.com",
            "name": "projects/search-and-reco/serviceAccounts/pubsub-invoker@search-and-reco.iam.gserviceaccount.com",
            "project": "search-and-reco",
            "timeouts": null,
            "unique_id": "114799870541768087222"
          },
          "sensitive_attributes": [],
          "identity_schema_version": 0,
          "private": "eyJlMmJmYjczMC1lY2FhLTExZTYtOGY4OC0zNDM2M2JjN2M0YzAiOnsiY3JlYXRlIjozMDAwMDAwMDAwMDB9fQ=="
        }
      ]
    },
    {
      "module": "module.service_accounts",
      "mode": "managed",
      "type": "google_service_account",
      "name": "services",
      "provider": "provider[\"registry.terraform.io/hashicorp/google\"]",
      "instances": [
        {
          "schema_version": 0,
          "attributes": {
            "account_id": "super-over-services",
            "create_ignore_already_exists": null,
            "description": "Service account for Super Over Alchemy processing services",
            "disabled": false,
            "display_name": "Super Over Services",
            "email": "super-over-services@search-and-reco.iam.gserviceaccount.com",
            "id": "projects/search-and-reco/serviceAccounts/super-over-services@search-and-reco.iam.gserviceaccount.com",
            "member": "serviceAccount:super-over-services@search-and-reco.iam.gserviceaccount.com",
            "name": "projects/search-and-reco/serviceAccounts/super-over-services@search-and-reco.iam.gserviceaccount.com",
            "project": "search-and-reco",
            "timeouts": null,
            "unique_id": "111957121485426819591"
          },
          "sensitive_attributes": [],
          "identity_schema_version": 0,
          "private": "eyJlMmJmYjczMC1lY2FhLTExZTYtOGY4OC0zNDM2M2JjN2M0YzAiOnsiY3JlYXRlIjozMDAwMDAwMDAwMDB9fQ=="
        }
      ]
    },
    {
      "module": "module.storage",
      "mode": "data",
      "type": "google_project",
      "name": "project",
      "provider": "provider[\"registry.terraform.io/hashicorp/google\"]",
      "instances": [
        {
          "schema_version": 0,
          "attributes": {
            "auto_create_network": null,
            "billing_account": "017FE2-CB7E32-84A4FF",
            "deletion_policy": "DELETE",
            "effective_labels": {
              "generative-language": "enabled"
            },
            "folder_id": "",
            "id": "projects/search-and-reco",
            "labels": {
              "generative-language": "enabled"
            },
            "name": "Search and Reco",
            "number": "704354652621",
            "org_id": "287683132077",
            "project_id": "search-and-reco",
            "skip_delete": null,
            "terraform_labels": {
              "generative-language": "enabled"
            }
          },
          "sensitive_attributes": [],
          "identity_schema_version": 0
        }
      ]
    },
    {
      "module": "module.storage",
      "mode": "managed",
      "type": "google_pubsub_topic_iam_member",
      "name": "notification_publisher",
      "provider": "provider[\"registry.terraform.io/hashicorp/google\"]",
      "instances": [
        {
          "index_key": "raw_uploads",
          "schema_version": 0,
          "attributes": {
            "condition": [],
            "etag": "BwY/if+mDk4=",
            "id": "projects/search-and-reco/topics/video-processor-jobs/roles/pubsub.publisher/serviceAccount:service-704354652621@gs-project-accounts.iam.gserviceaccount.com",
            "member": "serviceAccount:service-704354652621@gs-project-accounts.iam.gserviceaccount.com",
            "project": "search-and-reco",
            "role": "roles/pubsub.publisher",
            "topic": "projects/search-and-reco/topics/video-processor-jobs"
          },
          "sensitive_attributes": [],
          "identity_schema_version": 0,
          "private": "bnVsbA==",
          "dependencies": [
            "google_project_service.required_apis",
            "google_pubsub_topic.scene_analyzer_jobs",
            "google_pubsub_topic.video_processor_jobs",
            "module.storage.data.google_project.project"
          ]
        },
        {
          "index_key": "scene_analysis_trigger",
          "schema_version": 0,
          "attributes": {
            "condition": [],
            "etag": "BwY/if+l9aE=",
            "id": "projects/search-and-reco/topics/scene-analyzer-jobs/roles/pubsub.publisher/serviceAccount:service-704354652621@gs-project-accounts.iam.gserviceaccount.com",
            "member": "serviceAccount:service-704354652621@gs-project-accounts.iam.gserviceaccount.com",
            "project": "search-and-reco",
            "role": "roles/pubsub.publisher",
            "topic": "projects/search-and-reco/topics/scene-analyzer-jobs"
          },
          "sensitive_attributes": [],
          "identity_schema_version": 0,
          "private": "bnVsbA==",
          "dependencies": [
            "google_project_service.required_apis",
            "google_pubsub_topic.scene_analyzer_jobs",
            "google_pubsub_topic.video_processor_jobs",
            "module.storage.data.google_project.project"
          ]
        }
      ]
    },
    {
      "module": "module.storage",
      "mode": "managed",
      "type": "google_storage_bucket",
      "name": "processed_outputs",
      "provider": "provider[\"registry.terraform.io/hashicorp/google\"]",
      "instances": [
        {
          "schema_version": 2,
          "attributes": {
            "autoclass": [],
            "cors": [],
            "custom_placement_config": [],
            "default_event_based_hold": false,
            "effective_labels": {},
            "enable_object_retention": false,
            "encryption": [],
            "force_destroy": true,
            "id": "alchemy-super-over-outputs",
            "labels": {},
            "lifecycle_rule": [
              {
                "action": [
                  {
                    "storage_class": "",
                    "type": "Delete"
                  }
                ],
                "condition": [
                  {
                    "age": 365,
                    "created_before": "",
                    "custom_time_before": "",
                    "days_since_custom_time": 0,
                    "days_since_noncurrent_time": 0,
                    "matches_prefix": [],
                    "matches_storage_class": [],
                    "matches_suffix": [],
                    "no_age": false,
                    "noncurrent_time_before": "",
                    "num_newer_versions": 0,
                    "send_age_if_zero": true,
                    "send_days_since_custom_time_if_zero": false,
                    "send_days_since_noncurrent_time_if_zero": false,
                    "send_num_newer_versions_if_zero": false,
                    "with_state": "ANY"
                  }
                ]
              }
            ],
            "location": "ASIA-SOUTH1",
            "logging": [],
            "name": "alchemy-super-over-outputs",
            "project": "search-and-reco",
            "project_number": 704354652621,
            "public_access_prevention": "inherited",
            "requester_pays": false,
            "retention_policy": [],
            "rpo": null,
            "self_link": "https://www.googleapis.com/storage/v1/b/alchemy-super-over-outputs",
            "soft_delete_policy": [
              {
                "effective_time": "2025-09-24T11:03:10.473Z",
                "retention_duration_seconds": 604800
              }
            ],
            "storage_class": "STANDARD",
            "terraform_labels": {},
            "timeouts": null,
            "uniform_bucket_level_access": true,
            "url": "gs://alchemy-super-over-outputs",
            "versioning": [
              {
                "enabled": false
              }
            ],
            "website": []
          },
          "sensitive_attributes": [],
          "identity_schema_version": 0,
          "private": "eyJlMmJmYjczMC1lY2FhLTExZTYtOGY4OC0zNDM2M2JjN2M0YzAiOnsiY3JlYXRlIjo2MDAwMDAwMDAwMDAsInJlYWQiOjI0MDAwMDAwMDAwMCwidXBkYXRlIjoyNDAwMDAwMDAwMDB9LCJzY2hlbWFfdmVyc2lvbiI6IjIifQ==",
          "dependencies": [
            "google_project_service.required_apis"
          ]
        }
      ]
    },
    {
      "module": "module.storage",
      "mode": "managed",
      "type": "google_storage_bucket",
      "name": "raw_videos",
      "provider": "provider[\"registry.terraform.io/hashicorp/google\"]",
      "instances": [
        {
          "schema_version": 2,
          "attributes": {
            "autoclass": [],
            "cors": [],
            "custom_placement_config": [],
            "default_event_based_hold": false,
            "effective_labels": {},
            "enable_object_retention": false,
            "encryption": [],
            "force_destroy": true,
            "id": "alchemy-super-over-inputs",
            "labels": {},
            "lifecycle_rule": [
              {
                "action": [
                  {
                    "storage_class": "",
                    "type": "Delete"
                  }
                ],
                "condition": [
                  {
                    "age": 90,
                    "created_before": "",
                    "custom_time_before": "",
                    "days_since_custom_time": 0,
                    "days_since_noncurrent_time": 0,
                    "matches_prefix": [],
                    "matches_storage_class": [],
                    "matches_suffix": [],
                    "no_age": false,
                    "noncurrent_time_before": "",
                    "num_newer_versions": 0,
                    "send_age_if_zero": true,
                    "send_days_since_custom_time_if_zero": false,
                    "send_days_since_noncurrent_time_if_zero": false,
                    "send_num_newer_versions_if_zero": false,
                    "with_state": "ANY"
                  }
                ]
              }
            ],
            "location": "ASIA-SOUTH1",
            "logging": [],
            "name": "alchemy-super-over-inputs",
            "project": "search-and-reco",
            "project_number": 704354652621,
            "public_access_prevention": "inherited",
            "requester_pays": false,
            "retention_policy": [],
            "rpo": null,
            "self_link": "https://www.googleapis.com/storage/v1/b/alchemy-super-over-inputs",
            "soft_delete_policy": [
              {
                "effective_time": "2025-09-24T11:03:11.131Z",
                "retention_duration_seconds": 604800
              }
            ],
            "storage_class": "STANDARD",
            "terraform_labels": {},
            "timeouts": null,
            "uniform_bucket_level_access": true,
            "url": "gs://alchemy-super-over-inputs",
            "versioning": [
              {
                "enabled": false
              }
            ],
            "website": []
          },
          "sensitive_attributes": [],
          "identity_schema_version": 0,
          "private": "eyJlMmJmYjczMC1lY2FhLTExZTYtOGY4OC0zNDM2M2JjN2M0YzAiOnsiY3JlYXRlIjo2MDAwMDAwMDAwMDAsInJlYWQiOjI0MDAwMDAwMDAwMCwidXBkYXRlIjoyNDAwMDAwMDAwMDB9LCJzY2hlbWFfdmVyc2lvbiI6IjIifQ==",
          "dependencies": [
            "google_project_service.required_apis"
          ]
        }
      ]
    },
    {
      "module": "module.storage",
      "mode": "managed",
      "type": "google_storage_notification",
      "name": "processed_outputs_notification",
      "provider": "provider[\"registry.terraform.io/hashicorp/google\"]",
      "instances": [
        {
          "index_key": "scene_analysis_trigger",
          "schema_version": 0,
          "attributes": {
            "bucket": "alchemy-super-over-outputs",
            "custom_attributes": {},
            "event_types": [
              "OBJECT_FINALIZE"
            ],
            "id": "alchemy-super-over-outputs/notificationConfigs/1",
            "notification_id": "1",
            "object_name_prefix": "_report.json",
            "payload_format": "JSON_API_V1",
            "self_link": "https://www.googleapis.com/storage/v1/b/alchemy-super-over-outputs/notificationConfigs/1",
            "topic": "//pubsub.googleapis.com/projects/search-and-reco/topics/scene-analyzer-jobs"
          },
          "sensitive_attributes": [],
          "identity_schema_version": 0,
          "private": "bnVsbA==",
          "dependencies": [
            "google_project_service.required_apis",
            "google_pubsub_topic.scene_analyzer_jobs",
            "google_pubsub_topic.video_processor_jobs",
            "module.storage.data.google_project.project",
            "module.storage.google_pubsub_topic_iam_member.notification_publisher",
            "module.storage.google_storage_bucket.processed_outputs"
          ]
        }
      ]
    },
    {
      "module": "module.storage",
      "mode": "managed",
      "type": "google_storage_notification",
      "name": "raw_videos_notification",
      "provider": "provider[\"registry.terraform.io/hashicorp/google\"]",
      "instances": [
        {
          "index_key": "raw_uploads",
          "schema_version": 0,
          "attributes": {
            "bucket": "alchemy-super-over-inputs",
            "custom_attributes": {},
            "event_types": [
              "OBJECT_FINALIZE"
            ],
            "id": "alchemy-super-over-inputs/notificationConfigs/1",
            "notification_id": "1",
            "object_name_prefix": "",
            "payload_format": "JSON_API_V1",
            "self_link": "https://www.googleapis.com/storage/v1/b/alchemy-super-over-inputs/notificationConfigs/1",
            "topic": "//pubsub.googleapis.com/projects/search-and-reco/topics/video-processor-jobs"
          },
          "sensitive_attributes": [],
          "identity_schema_version": 0,
          "private": "bnVsbA==",
          "dependencies": [
            "google_project_service.required_apis",
            "google_pubsub_topic.scene_analyzer_jobs",
            "google_pubsub_topic.video_processor_jobs",
            "module.storage.data.google_project.project",
            "module.storage.google_pubsub_topic_iam_member.notification_publisher",
            "module.storage.google_storage_bucket.raw_videos"
          ]
        }
      ]
    },
    {
      "module": "module.video_processor_pubsub",
      "mode": "managed",
      "type": "google_cloud_run_service_iam_member",
      "name": "invoker",
      "provider": "provider[\"registry.terraform.io/hashicorp/google\"]",
      "instances": [
        {
          "schema_version": 0,
          "attributes": {
            "condition": [],
            "etag": "BwY/i9fd8RU=",
            "id": "v1/projects/search-and-reco/locations/asia-south1/services/video-processor-service/roles/run.invoker/serviceAccount:pubsub-invoker@search-and-reco.iam.gserviceaccount.com",
            "location": "asia-south1",
            "member": "serviceAccount:pubsub-invoker@search-and-reco.iam.gserviceaccount.com",
            "project": "search-and-reco",
            "role": "roles/run.invoker",
            "service": "v1/projects/search-and-reco/locations/asia-south1/services/video-processor-service"
          },
          "sensitive_attributes": [],
          "identity_schema_version": 0,
          "private": "bnVsbA==",
          "dependencies": [
            "module.service_accounts.google_service_account.pubsub_invoker"
          ]
        }
      ]
    },
    {
      "module": "module.video_processor_pubsub",
      "mode": "managed",
      "type": "google_pubsub_subscription",
      "name": "subscription",
      "provider": "provider[\"registry.terraform.io/hashicorp/google\"]",
      "instances": [
        {
          "schema_version": 0,
          "attributes": {
            "ack_deadline_seconds": 600,
            "bigquery_config": [],
            "cloud_storage_config": [],
            "dead_letter_policy": [],
            "effective_labels": {},
            "enable_exactly_once_delivery": false,
            "enable_message_ordering": false,
            "expiration_policy": [
              {
                "ttl": "2678400s"
              }
            ],
            "filter": "",
            "id": "projects/search-and-reco/subscriptions/video-processor-sub",
            "labels": {},
            "message_retention_duration": "604800s",
            "name": "video-processor-sub",
            "project": "search-and-reco",
            "push_config": [
              {
                "attributes": {},
                "no_wrapper": [],
                "oidc_token": [
                  {
                    "audience": "",
                    "service_account_email": "pubsub-invoker@search-and-reco.iam.gserviceaccount.com"
                  }
                ],
                "push_endpoint": "https://video-processor-service-p2irpfu5ya-el.a.run.app"
              }
            ],
            "retain_acked_messages": false,
            "retry_policy": [
              {
                "maximum_backoff": "600s",
                "minimum_backoff": "10s"
              }
            ],
            "terraform_labels": {},
            "timeouts": null,
            "topic": "projects/search-and-reco/topics/video-processor-jobs"
          },
          "sensitive_attributes": [],
          "identity_schema_version": 0,
          "private": "eyJlMmJmYjczMC1lY2FhLTExZTYtOGY4OC0zNDM2M2JjN2M0YzAiOnsiY3JlYXRlIjoxMjAwMDAwMDAwMDAwLCJkZWxldGUiOjEyMDAwMDAwMDAwMDAsInVwZGF0ZSI6MTIwMDAwMDAwMDAwMH19",
          "dependencies": [
            "google_artifact_registry_repository.repository",
            "google_project_service.required_apis",
            "google_pubsub_topic.video_processor_jobs",
            "module.service_accounts.google_service_account.pubsub_invoker",
            "module.service_accounts.google_service_account.services",
            "module.video_processor_service.google_cloud_run_service.service"
          ]
        }
      ]
    },
    {
      "module": "module.video_processor_pubsub",
      "mode": "managed",
      "type": "google_pubsub_subscription_iam_member",
      "name": "subscriber",
      "provider": "provider[\"registry.terraform.io/hashicorp/google\"]",
      "instances": [
        {
          "schema_version": 0,
          "attributes": {
            "condition": [],
            "etag": "BwY/iis+nyo=",
            "id": "projects/search-and-reco/subscriptions/video-processor-sub/roles/pubsub.subscriber/serviceAccount:pubsub-invoker@search-and-reco.iam.gserviceaccount.com",
            "member": "serviceAccount:pubsub-invoker@search-and-reco.iam.gserviceaccount.com",
            "project": null,
            "role": "roles/pubsub.subscriber",
            "subscription": "video-processor-sub"
          },
          "sensitive_attributes": [],
          "identity_schema_version": 0,
          "private": "bnVsbA==",
          "dependencies": [
            "google_artifact_registry_repository.repository",
            "google_project_service.required_apis",
            "google_pubsub_topic.video_processor_jobs",
            "module.service_accounts.google_service_account.pubsub_invoker",
            "module.service_accounts.google_service_account.services",
            "module.video_processor_pubsub.google_pubsub_subscription.subscription",
            "module.video_processor_service.google_cloud_run_service.service"
          ]
        }
      ]
    },
    {
      "module": "module.video_processor_service",
      "mode": "data",
      "type": "google_iam_policy",
      "name": "noauth",
      "provider": "provider[\"registry.terraform.io/hashicorp/google\"]",
      "instances": [
        {
          "schema_version": 0,
          "attributes": {
            "audit_config": null,
            "binding": [
              {
                "condition": [],
                "members": [
                  "serviceAccount:super-over-services@search-and-reco.iam.gserviceaccount.com"
                ],
                "role": "roles/run.invoker"
              }
            ],
            "id": "1461937995",
            "policy_data": "{\"bindings\":[{\"members\":[\"serviceAccount:super-over-services@search-and-reco.iam.gserviceaccount.com\"],\"role\":\"roles/run.invoker\"}]}"
          },
          "sensitive_attributes": [],
          "identity_schema_version": 0
        }
      ]
    },
    {
      "module": "module.video_processor_service",
      "mode": "managed",
      "type": "google_cloud_run_service",
      "name": "service",
      "provider": "provider[\"registry.terraform.io/hashicorp/google\"]",
      "instances": [
        {
          "schema_version": 2,
          "attributes": {
            "autogenerate_revision_name": false,
            "id": "locations/asia-south1/namespaces/search-and-reco/services/video-processor-service",
            "location": "asia-south1",
            "metadata": [
              {
                "annotations": {},
                "effective_annotations": {
                  "run.googleapis.com/ingress": "all",
                  "run.googleapis.com/ingress-status": "all",
                  "run.googleapis.com/operation-id": "c1399a1b-4263-4379-82bb-3c224c2f20b0",
                  "run.googleapis.com/urls": "[\"https://video-processor-service-704354652621.asia-south1.run.app\",\"https://video-processor-service-p2irpfu5ya-el.a.run.app\"]",
                  "serving.knative.dev/creator": "admin@sanjeetsahay.altostrat.com",
                  "serving.knative.dev/lastModifier": "admin@sanjeetsahay.altostrat.com"
                },
                "effective_labels": {
                  "cloud.googleapis.com/location": "asia-south1",
                  "run.googleapis.com/satisfiesPzs": "true"
                },
                "generation": 1,
                "labels": {},
                "namespace": "search-and-reco",
                "resource_version": "AAY/iilSV0c",
                "self_link": "/apis/serving.knative.dev/v1/namespaces/704354652621/services/video-processor-service",
                "terraform_labels": {},
                "uid": "03e0bbd9-9725-4414-82b7-3e474f29353c"
              }
            ],
            "name": "video-processor-service",
            "project": "search-and-reco",
            "status": [
              {
                "conditions": [
                  {
                    "message": "",
                    "reason": "",
                    "status": "True",
                    "type": "Ready"
                  },
                  {
                    "message": "",
                    "reason": "",
                    "status": "True",
                    "type": "ConfigurationsReady"
                  },
                  {
                    "message": "",
                    "reason": "",
                    "status": "True",
                    "type": "RoutesReady"
                  }
                ],
                "latest_created_revision_name": "video-processor-service-00001-5vm",
                "latest_ready_revision_name": "video-processor-service-00001-5vm",
                "observed_generation": 1,
                "traffic": [
                  {
                    "latest_revision": true,
                    "percent": 100,
                    "revision_name": "video-processor-service-00001-5vm",
                    "tag": "",
                    "url": ""
                  }
                ],
                "url": "https://video-processor-service-p2irpfu5ya-el.a.run.app"
              }
            ],
            "template": [
              {
                "metadata": [
                  {
                    "annotations": {
                      "autoscaling.knative.dev/maxScale": "10",
                      "run.googleapis.com/execution-environment": "gen2"
                    },
                    "generation": 0,
                    "labels": {
                      "run.googleapis.com/startupProbeType": "Default"
                    },
                    "name": "",
                    "namespace": "",
                    "resource_version": "",
                    "self_link": "",
                    "uid": ""
                  }
                ],
                "spec": [
                  {
                    "container_concurrency": 160,
                    "containers": [
                      {
                        "args": [],
                        "command": [],
                        "env": [
                          {
                            "name": "CHUNK_DURATION",
                            "value": "60",
                            "value_from": []
                          },
                          {
                            "name": "COMPRESS_FIRST",
                            "value": "false",
                            "value_from": []
                          },
                          {
                            "name": "COMPRESS_RESOLUTION",
                            "value": "480p",
                            "value_from": []
                          }
                        ],
                        "env_from": [],
                        "image": "asia-south1-docker.pkg.dev/search-and-reco/super-over-alchemy/video-processor:latest",
                        "liveness_probe": [],
                        "name": "",
                        "ports": [
                          {
                            "container_port": 8080,
                            "name": "http1",
                            "protocol": ""
                          }
                        ],
                        "resources": [
                          {
                            "limits": {
                              "cpu": "2",
                              "memory": "2Gi"
                            },
                            "requests": {}
                          }
                        ],
                        "startup_probe": [
                          {
                            "failure_threshold": 1,
                            "grpc": [],
                            "http_get": [],
                            "initial_delay_seconds": 0,
                            "period_seconds": 240,
                            "tcp_socket": [
                              {
                                "port": 8080
                              }
                            ],
                            "timeout_seconds": 240
                          }
                        ],
                        "volume_mounts": [],
                        "working_dir": ""
                      }
                    ],
                    "service_account_name": "super-over-services@search-and-reco.iam.gserviceaccount.com",
                    "serving_state": "",
                    "timeout_seconds": 3600,
                    "volumes": []
                  }
                ]
              }
            ],
            "timeouts": null,
            "traffic": [
              {
                "latest_revision": true,
                "percent": 100,
                "revision_name": "",
                "tag": "",
                "url": ""
              }
            ]
          },
          "sensitive_attributes": [],
          "identity_schema_version": 0,
          "private": "eyJlMmJmYjczMC1lY2FhLTExZTYtOGY4OC0zNDM2M2JjN2M0YzAiOnsiY3JlYXRlIjoxMjAwMDAwMDAwMDAwLCJkZWxldGUiOjEyMDAwMDAwMDAwMDAsInVwZGF0ZSI6MTIwMDAwMDAwMDAwMH0sInNjaGVtYV92ZXJzaW9uIjoiMiJ9",
          "dependencies": [
            "google_artifact_registry_repository.repository",
            "google_project_service.required_apis",
            "module.service_accounts.google_service_account.services"
          ]
        }
      ]
    },
    {
      "module": "module.video_processor_service",
      "mode": "managed",
      "type": "google_cloud_run_service_iam_policy",
      "name": "noauth",
      "provider": "provider[\"registry.terraform.io/hashicorp/google\"]",
      "instances": [
        {
          "schema_version": 0,
          "attributes": {
            "etag": "BwY/i9fd8RU=",
            "id": "v1/projects/search-and-reco/locations/asia-south1/services/video-processor-service",
            "location": "asia-south1",
            "policy_data": "{\"bindings\":[{\"members\":[\"serviceAccount:pubsub-invoker@search-and-reco.iam.gserviceaccount.com\",\"serviceAccount:super-over-services@search-and-reco.iam.gserviceaccount.com\"],\"role\":\"roles/run.invoker\"}]}",
            "project": "search-and-reco",
            "service": "v1/projects/search-and-reco/locations/asia-south1/services/video-processor-service"
          },
          "sensitive_attributes": [],
          "identity_schema_version": 0,
          "private": "bnVsbA==",
          "dependencies": [
            "google_artifact_registry_repository.repository",
            "google_project_service.required_apis",
            "module.service_accounts.google_service_account.services",
            "module.video_processor_service.data.google_iam_policy.noauth",
            "module.video_processor_service.google_cloud_run_service.service"
          ]
        }
      ]
    },
    {
      "module": "module.workflow_manager_service",
      "mode": "data",
      "type": "google_iam_policy",
      "name": "noauth",
      "provider": "provider[\"registry.terraform.io/hashicorp/google\"]",
      "instances": [
        {
          "schema_version": 0,
          "attributes": {
            "audit_config": null,
            "binding": [
              {
                "condition": [],
                "members": [
                  "serviceAccount:super-over-services@search-and-reco.iam.gserviceaccount.com"
                ],
                "role": "roles/run.invoker"
              }
            ],
            "id": "1461937995",
            "policy_data": "{\"bindings\":[{\"members\":[\"serviceAccount:super-over-services@search-and-reco.iam.gserviceaccount.com\"],\"role\":\"roles/run.invoker\"}]}"
          },
          "sensitive_attributes": [],
          "identity_schema_version": 0
        }
      ]
    },
    {
      "module": "module.workflow_manager_service",
      "mode": "managed",
      "type": "google_cloud_run_service",
      "name": "service",
      "provider": "provider[\"registry.terraform.io/hashicorp/google\"]",
      "instances": [
        {
          "schema_version": 2,
          "attributes": {
            "autogenerate_revision_name": false,
            "id": "locations/asia-south1/namespaces/search-and-reco/services/workflow-manager-service",
            "location": "asia-south1",
            "metadata": [
              {
                "annotations": {},
                "effective_annotations": {
                  "run.googleapis.com/ingress": "all",
                  "run.googleapis.com/ingress-status": "all",
                  "run.googleapis.com/operation-id": "f63422c7-40cd-4f66-ac35-7853063343b5",
                  "run.googleapis.com/urls": "[\"https://workflow-manager-service-704354652621.asia-south1.run.app\",\"https://workflow-manager-service-p2irpfu5ya-el.a.run.app\"]",
                  "serving.knative.dev/creator": "admin@sanjeetsahay.altostrat.com",
                  "serving.knative.dev/lastModifier": "admin@sanjeetsahay.altostrat.com"
                },
                "effective_labels": {
                  "cloud.googleapis.com/location": "asia-south1",
                  "run.googleapis.com/satisfiesPzs": "true"
                },
                "generation": 1,
                "labels": {},
                "namespace": "search-and-reco",
                "resource_version": "AAY/moGq0QM",
                "self_link": "/apis/serving.knative.dev/v1/namespaces/704354652621/services/workflow-manager-service",
                "terraform_labels": {},
                "uid": "1ccb4c04-a461-4351-aca3-95e626ef0c7c"
              }
            ],
            "name": "workflow-manager-service",
            "project": "search-and-reco",
            "status": [
              {
                "conditions": [
                  {
                    "message": "",
                    "reason": "",
                    "status": "True",
                    "type": "Ready"
                  },
                  {
                    "message": "",
                    "reason": "",
                    "status": "True",
                    "type": "ConfigurationsReady"
                  },
                  {
                    "message": "",
                    "reason": "",
                    "status": "True",
                    "type": "RoutesReady"
                  }
                ],
                "latest_created_revision_name": "workflow-manager-service-00001-4d2",
                "latest_ready_revision_name": "workflow-manager-service-00001-4d2",
                "observed_generation": 1,
                "traffic": [
                  {
                    "latest_revision": true,
                    "percent": 100,
                    "revision_name": "workflow-manager-service-00001-4d2",
                    "tag": "",
                    "url": ""
                  }
                ],
                "url": "https://workflow-manager-service-p2irpfu5ya-el.a.run.app"
              }
            ],
            "template": [
              {
                "metadata": [
                  {
                    "annotations": {
                      "autoscaling.knative.dev/maxScale": "10",
                      "autoscaling.knative.dev/minScale": "1",
                      "run.googleapis.com/execution-environment": "gen2"
                    },
                    "generation": 0,
                    "labels": {
                      "run.googleapis.com/startupProbeType": "Default"
                    },
                    "name": "",
                    "namespace": "",
                    "resource_version": "",
                    "self_link": "",
                    "uid": ""
                  }
                ],
                "spec": [
                  {
                    "container_concurrency": 160,
                    "containers": [
                      {
                        "args": null,
                        "command": null,
                        "env": [],
                        "env_from": [],
                        "image": "asia-south1-docker.pkg.dev/search-and-reco/super-over-alchemy/workflow-manager:latest",
                        "liveness_probe": [],
                        "name": "",
                        "ports": [
                          {
                            "container_port": 8080,
                            "name": "http1",
                            "protocol": ""
                          }
                        ],
                        "resources": [
                          {
                            "limits": {
                              "cpu": "2",
                              "memory": "2Gi"
                            },
                            "requests": null
                          }
                        ],
                        "startup_probe": [
                          {
                            "failure_threshold": 1,
                            "grpc": [],
                            "http_get": [],
                            "initial_delay_seconds": 0,
                            "period_seconds": 240,
                            "tcp_socket": [
                              {
                                "port": 8080
                              }
                            ],
                            "timeout_seconds": 240
                          }
                        ],
                        "volume_mounts": [],
                        "working_dir": ""
                      }
                    ],
                    "service_account_name": "super-over-services@search-and-reco.iam.gserviceaccount.com",
                    "serving_state": "",
                    "timeout_seconds": 3600,
                    "volumes": []
                  }
                ]
              }
            ],
            "timeouts": null,
            "traffic": [
              {
                "latest_revision": true,
                "percent": 100,
                "revision_name": "",
                "tag": "",
                "url": ""
              }
            ]
          },
          "sensitive_attributes": [],
          "identity_schema_version": 0,
          "private": "eyJlMmJmYjczMC1lY2FhLTExZTYtOGY4OC0zNDM2M2JjN2M0YzAiOnsiY3JlYXRlIjoxMjAwMDAwMDAwMDAwLCJkZWxldGUiOjEyMDAwMDAwMDAwMDAsInVwZGF0ZSI6MTIwMDAwMDAwMDAwMH0sInNjaGVtYV92ZXJzaW9uIjoiMiJ9",
          "dependencies": [
            "google_artifact_registry_repository.repository",
            "google_project_service.required_apis",
            "module.service_accounts.google_service_account.services"
          ]
        }
      ]
    },
    {
      "module": "module.workflow_manager_service",
      "mode": "managed",
      "type": "google_cloud_run_service_iam_policy",
      "name": "noauth",
      "provider": "provider[\"registry.terraform.io/hashicorp/google\"]",
      "instances": [
        {
          "schema_version": 0,
          "attributes": {
            "etag": "BwY/moImM+w=",
            "id": "v1/projects/search-and-reco/locations/asia-south1/services/workflow-manager-service",
            "location": "asia-south1",
            "policy_data": "{\"bindings\":[{\"members\":[\"serviceAccount:super-over-services@search-and-reco.iam.gserviceaccount.com\"],\"role\":\"roles/run.invoker\"}]}",
            "project": "search-and-reco",
            "service": "v1/projects/search-and-reco/locations/asia-south1/services/workflow-manager-service"
          },
          "sensitive_attributes": [],
          "identity_schema_version": 0,
          "private": "bnVsbA==",
          "dependencies": [
            "google_artifact_registry_repository.repository",
            "google_project_service.required_apis",
            "module.service_accounts.google_service_account.services",
            "module.workflow_manager_service.data.google_iam_policy.noauth",
            "module.workflow_manager_service.google_cloud_run_service.service"
          ]
        }
      ]
    }
  ],
  "check_results": null
}
